{
  "nodes": {
    "crate2nix": {
      "flake": false,
      "locked": {
        "lastModified": 1636316693,
        "narHash": "sha256-WAxxfqPcFY2SFkgbUMnxMAIj3WbFf7Kw3622rYcz22I=",
        "owner": "kolloch",
        "repo": "crate2nix",
        "rev": "d0c00673bafbaa648e84fb7595a0e4cd84c3b18a",
        "type": "github"
      },
      "original": {
        "owner": "kolloch",
        "repo": "crate2nix",
        "type": "github"
      }
    },
    "naersk": {
      "inputs": {
        "nixpkgs": "nixpkgs"
      },
      "locked": {
        "lastModified": 1637576998,
        "narHash": "sha256-bGQ66hh4Dl78T9bd1pqdp6fprHMCkrkeKqED6sDUYqo=",
        "owner": "nix-community",
        "repo": "naersk",
        "rev": "b043f2447a4a761529254f4983cacd94b034a122",
        "type": "github"
      },
      "original": {
        "owner": "nix-community",
        "repo": "naersk",
        "type": "github"
      }
    },
    "nixpkgs": {
      "locked": {
        "lastModified": 1638093943,
        "narHash": "sha256-tbKLZcbbr0HBPQ/p87ejUTsTa4wIVn+v1lNyTchoI1c=",
        "owner": "NixOS",
        "repo": "nixpkgs",
        "rev": "9dd8cb8ce2e8f03c494648b1a9f370e90299b645",
        "type": "github"
      },
      "original": {
        "id": "nixpkgs",
        "type": "indirect"
      }
    },
    "nixpkgs_2": {
      "locked": {
        "lastModified": 1637973395,
        "narHash": "sha256-wp/QgsnnKJAIMZeQgJT1bWQ/OutZ+80lHwtpYAUWDfE=",
        "owner": "NixOS",
        "repo": "nixpkgs",
        "rev": "4f37689c8a219a9d756c5ff38525ad09349f422f",
        "type": "github"
      },
      "original": {
        "owner": "NixOS",
        "ref": "nixos-21.05",
        "repo": "nixpkgs",
        "type": "github"
      }
    },
    "root": {
      "inputs": {
        "crate2nix": "crate2nix",
        "naersk": "naersk",
        "nixpkgs": "nixpkgs_2"
      }
    }
  },
  "root": "root",
  "version": 7
}
