{
  "nodes": {
    "crate2nix": {
      "flake": false,
      "locked": {
        "lastModified": 1639651038,
        "narHash": "sha256-ptjG16zZGGZYLl/BCbVDDKb8GJXUKGuoEEgsT/jtWh4=",
        "owner": "kolloch",
        "repo": "crate2nix",
        "rev": "9651f0dfa5aec75833cf20690a56e751e010ea96",
        "type": "github"
      },
      "original": {
        "owner": "kolloch",
        "repo": "crate2nix",
        "type": "github"
      }
    },
    "naersk": {
      "inputs": {
        "nixpkgs": "nixpkgs"
      },
      "locked": {
        "lastModified": 1639947939,
        "narHash": "sha256-pGsM8haJadVP80GFq4xhnSpNitYNQpaXk4cnA796Cso=",
        "owner": "nix-community",
        "repo": "naersk",
        "rev": "2fc8ce9d3c025d59fee349c1f80be9785049d653",
        "type": "github"
      },
      "original": {
        "owner": "nix-community",
        "repo": "naersk",
        "type": "github"
      }
    },
    "nixpkgs": {
      "locked": {
        "lastModified": 1640044964,
        "narHash": "sha256-ECsnOoOdWYqULksuFTo736jfJp9Hs7gS/xJhhVmVtv4=",
        "owner": "NixOS",
        "repo": "nixpkgs",
        "rev": "14f3576475069686ed963ddd8d20f1a79e723b07",
        "type": "github"
      },
      "original": {
        "id": "nixpkgs",
        "type": "indirect"
      }
    },
    "nixpkgs_2": {
      "locked": {
        "lastModified": 1639989170,
        "narHash": "sha256-REf0rqdJs6XIPo/zc/FhJMecggjEXi45QyiV207y30Y=",
        "owner": "NixOS",
        "repo": "nixpkgs",
        "rev": "86453059bf8312f0f5bf1fe8a2f52da2be664489",
        "type": "github"
      },
      "original": {
        "owner": "NixOS",
        "ref": "nixos-21.11",
        "repo": "nixpkgs",
        "type": "github"
      }
    },
    "root": {
      "inputs": {
        "crate2nix": "crate2nix",
        "naersk": "naersk",
        "nixpkgs": "nixpkgs_2"
      }
    }
  },
  "root": "root",
  "version": 7
}
