{
  "nodes": {
    "crate2nix": {
      "flake": false,
      "locked": {
        "lastModified": 1639651038,
        "narHash": "sha256-ptjG16zZGGZYLl/BCbVDDKb8GJXUKGuoEEgsT/jtWh4=",
        "owner": "kolloch",
        "repo": "crate2nix",
        "rev": "9651f0dfa5aec75833cf20690a56e751e010ea96",
        "type": "github"
      },
      "original": {
        "owner": "kolloch",
        "repo": "crate2nix",
        "type": "github"
      }
    },
    "naersk": {
      "inputs": {
        "nixpkgs": "nixpkgs"
      },
      "locked": {
        "lastModified": 1639731602,
        "narHash": "sha256-5u/J/7KrY/fYL/OeBLxP4E9NdNdQrriHpOyPBleKp5I=",
        "owner": "nix-community",
        "repo": "naersk",
        "rev": "5415c7045366bb53db1a33cf7d975942b5553a28",
        "type": "github"
      },
      "original": {
        "owner": "nix-community",
        "repo": "naersk",
        "type": "github"
      }
    },
    "nixpkgs": {
      "locked": {
        "lastModified": 1639895371,
        "narHash": "sha256-eAUPDd7YODbYbQ+sya3vS3TH9SavHV/2o46FZCqRRsE=",
        "owner": "NixOS",
        "repo": "nixpkgs",
        "rev": "3e4c1337b93152e42f53c8fcd2e0d9077c6523b1",
        "type": "github"
      },
      "original": {
        "id": "nixpkgs",
        "type": "indirect"
      }
    },
    "nixpkgs_2": {
      "locked": {
        "lastModified": 1639794673,
        "narHash": "sha256-bjauV0+Z4WmxeiHXecyiEOEwo+XysO6kx36beeatbl0=",
        "owner": "NixOS",
        "repo": "nixpkgs",
        "rev": "2627c4b795107ba94562626925f5a9a2bc62ebc6",
        "type": "github"
      },
      "original": {
        "owner": "NixOS",
        "ref": "nixos-21.11",
        "repo": "nixpkgs",
        "type": "github"
      }
    },
    "root": {
      "inputs": {
        "crate2nix": "crate2nix",
        "naersk": "naersk",
        "nixpkgs": "nixpkgs_2"
      }
    }
  },
  "root": "root",
  "version": 7
}
